{
    "_meta": {
        "hash": {
            "sha256": "8307bdd6300e862456aa802965a329f169e9f9d8959f239857ca8d6c4bd0ae4b"
        },
        "pipfile-spec": 6,
        "requires": {
            "python_version": "2.7.12"
        },
        "sources": [
            {
                "name": "pypi",
                "url": "https://pypi.python.org/simple",
                "verify_ssl": true
            }
        ]
    },
    "default": {
        "pymongo": {
            "hashes": [
                "sha256:04e5e52d3e6cbd46bbafe067a242cd5862240fd5ba270ab1be6d3cfa5ae1ed0b",
                "sha256:0ab6f1917a9226459c9ecb1af879a853aae5f5be2afe599deb4bcd9702d03c20",
                "sha256:1a33a6431ee41c0fa507a37d08966d73a66443e43173b2d4fff6db70247ae805",
                "sha256:1e385e45d5aed6fd5294da1f9b71d33dcd812887f9e17410cbf83c324270fbbd",
                "sha256:21e25d25ead34b07289f5a30916661e5f0adfff8f2a9326f98b8961113e14a83",
                "sha256:29a12524bc5b7e2bc55e426e6b7be4a734cccf99298248748f6ca0088ecb54e3",
                "sha256:2e7920f138aad3406a83cb8db7b3f96a357d9d33bc7abb353cc0f571dd97318d",
                "sha256:30928492147298754428e045a4e790a4dd91d0d834754cf0d556310aca270080",
                "sha256:3327afb38017ac1de32e4ca3a6c8edb1fe19d6024771609590684d3a37e7c250",
                "sha256:3dd41aaab8ac3b93281c331bca8824bb75591568d802a0a509c61f4be7ea235d",
                "sha256:453e9a1e3a9dfe7c7bf3367ab82842cb236735c58f6ca849a485b30f9dfa42f8",
                "sha256:5217607e2bac97c774839095c3609da2250bf253f46761bc700e4ce3bd5ac54d",
                "sha256:5984c1c12e8dd6a96e8b82c4bec3f86180c4b048dcdccd34ed8c8bb81740e4ca",
                "sha256:5cc2adccb61bfe6c76fc5b6d488d76b3c093a69d79e70adb73b5678d2f0afc67",
                "sha256:64c9c2ac0b9f96253b52c41e7c9c26a140818a31031ac1c5431893c241fb3436",
                "sha256:65a0967d15d4b3d46b9885a69c45148cc9dc09ee9f10f0fd05669fe9ebffd947",
                "sha256:74b829a8ad20715f02b1ba4d5e777d60c0500acc69377e802e19e1943d3f1a81",
                "sha256:80c9df3fde525855431d2959550746404eb6fae8f8a87d7d15e9c0ac650c70e1",
                "sha256:814919d3f66da8f9dc3d5df014c0699ec1698653f1829c588bfe251dda444782",
                "sha256:86a3e9fe14e2d46aa2e349378732b917718bd03d5317f917cd9363ea5e29c234",
                "sha256:9785f19100e5b3422ce93c1455d5344484967cc6871a642a333ecf3554524398",
                "sha256:9dc1590e1f1ffd4a9a8be836610afeb887dcd75c96663e1d0390c492146f59ff",
                "sha256:a5e4becae6c053602fb9ed6dd4d12c525e3f716357334ee306929724087b65b4",
                "sha256:af3c32dd771e91e8e02335e13ebc618b740b034aabf99bd417c4fb768acc8c4c",
                "sha256:b4e77252237fea02eab5a59514b62bb23095869790dbcfcb45e500e3704c69d0",
                "sha256:b6bd46b9662a58134241cb31224e3b2b0f61b67e2b2328326fe871d5603e3537",
                "sha256:bce845a8efdcfae71dcaa52ff278a026fcf37afb64878c231129a264ef3afd2f",
                "sha256:c6490e2f22279cbe2090cd6075e375f3d7396a8deaf9efc38061cfe3ab15e158",
                "sha256:c6c6868995787429cedb919d0399a0211c0ca48880c3dcacda2ae72cb2663caa",
                "sha256:e1b169481dc1d77cfd45906171193daa431144cc0704da19fcf7e39f7e5bad13",
                "sha256:e9930c3d070eeaeb1297e58fd6ef009ac9b723d423d82637acca1a06e5940471",
                "sha256:f4b400ae8464d878b3297fb0e37f425f6f3b4343ca728b16a8bfa86b10e8c7c4",
                "sha256:f7f309ebbda39fb00ec28f311e90b8ec9def924c41b658c45d6ab8077aadece8"
            ],
            "index": "pypi",
            "version": "==3.7.0"
        },
        "xmltodict": {
            "hashes": [
                "sha256:8f8d7d40aa28d83f4109a7e8aa86e67a4df202d9538be40c0cb1d70da527b0df",
                "sha256:add07d92089ff611badec526912747cf87afd4f9447af6661aca074eeaf32615"
            ],
            "index": "pypi",
            "version": "==0.11.0"
        }
    },
    "develop": {}
}
